
Microsoft Visual Studio Solution File, Format Version 12.00
# Visual Studio Version 17
VisualStudioVersion = 17.3.32929.385
MinimumVisualStudioVersion = 10.0.40219.1
Project("{FAE04EC0-301F-11D3-BF4B-00C04F79EFBC}") = "Arrays", "Arrays\Arrays.csproj", "{7B611668-8962-4D88-8002-83EAECC197ED}"
EndProject
Global
	GlobalSection(SolutionConfigurationPlatforms) = preSolution
		Debug|Any CPU = Debug|Any CPU
		Release|Any CPU = Release|Any CPU
	EndGlobalSection
	GlobalSection(ProjectConfigurationPlatforms) = postSolution
		{7B611668-8962-4D88-8002-83EAECC197ED}.Debug|Any CPU.ActiveCfg = Debug|Any CPU
		{7B611668-8962-4D88-8002-83EAECC197ED}.Debug|Any CPU.Build.0 = Debug|Any CPU
		{7B611668-8962-4D88-8002-83EAECC197ED}.Release|Any CPU.ActiveCfg = Release|Any CPU
		{7B611668-8962-4D88-8002-83EAECC197ED}.Release|Any CPU.Build.0 = Release|Any CPU
	EndGlobalSection
	GlobalSection(SolutionProperties) = preSolution
		HideSolutionNode = FALSE
	EndGlobalSection
	GlobalSection(ExtensibilityGlobals) = postSolution
		SolutionGuid = {93C19A74-D43D-44E5-A0C6-B0B08D2E7418}
	EndGlobalSection
EndGlobal
