
Microsoft Visual Studio Solution File, Format Version 12.00
# Visual Studio Version 17
VisualStudioVersion = 17.3.32901.215
MinimumVisualStudioVersion = 10.0.40219.1
Project("{FAE04EC0-301F-11D3-BF4B-00C04F79EFBC}") = "Arrays", "Arrays\Arrays.csproj", "{B9E77782-17E5-4452-B419-AB209C563652}"
EndProject
Global
	GlobalSection(SolutionConfigurationPlatforms) = preSolution
		Debug|Any CPU = Debug|Any CPU
		Release|Any CPU = Release|Any CPU
	EndGlobalSection
	GlobalSection(ProjectConfigurationPlatforms) = postSolution
		{B9E77782-17E5-4452-B419-AB209C563652}.Debug|Any CPU.ActiveCfg = Debug|Any CPU
		{B9E77782-17E5-4452-B419-AB209C563652}.Debug|Any CPU.Build.0 = Debug|Any CPU
		{B9E77782-17E5-4452-B419-AB209C563652}.Release|Any CPU.ActiveCfg = Release|Any CPU
		{B9E77782-17E5-4452-B419-AB209C563652}.Release|Any CPU.Build.0 = Release|Any CPU
	EndGlobalSection
	GlobalSection(SolutionProperties) = preSolution
		HideSolutionNode = FALSE
	EndGlobalSection
	GlobalSection(ExtensibilityGlobals) = postSolution
		SolutionGuid = {E7F67654-DDFB-4B90-9A0E-37FE2095CBE3}
	EndGlobalSection
EndGlobal
