
Microsoft Visual Studio Solution File, Format Version 12.00
# Visual Studio Version 17
VisualStudioVersion = 17.0.32014.148
MinimumVisualStudioVersion = 10.0.40219.1
Project("{FAE04EC0-301F-11D3-BF4B-00C04F79EFBC}") = "Arrays", "Arrays\Arrays.csproj", "{8F7BC545-924A-4A9E-AAFC-140A965430B2}"
EndProject
Global
	GlobalSection(SolutionConfigurationPlatforms) = preSolution
		Debug|Any CPU = Debug|Any CPU
		Release|Any CPU = Release|Any CPU
	EndGlobalSection
	GlobalSection(ProjectConfigurationPlatforms) = postSolution
		{8F7BC545-924A-4A9E-AAFC-140A965430B2}.Debug|Any CPU.ActiveCfg = Debug|Any CPU
		{8F7BC545-924A-4A9E-AAFC-140A965430B2}.Debug|Any CPU.Build.0 = Debug|Any CPU
		{8F7BC545-924A-4A9E-AAFC-140A965430B2}.Release|Any CPU.ActiveCfg = Release|Any CPU
		{8F7BC545-924A-4A9E-AAFC-140A965430B2}.Release|Any CPU.Build.0 = Release|Any CPU
	EndGlobalSection
	GlobalSection(SolutionProperties) = preSolution
		HideSolutionNode = FALSE
	EndGlobalSection
	GlobalSection(ExtensibilityGlobals) = postSolution
		SolutionGuid = {90DCE142-7A4A-4F64-A759-4002831FA785}
	EndGlobalSection
EndGlobal
