
Microsoft Visual Studio Solution File, Format Version 12.00
# Visual Studio Version 17
VisualStudioVersion = 17.3.32901.215
MinimumVisualStudioVersion = 10.0.40219.1
Project("{FAE04EC0-301F-11D3-BF4B-00C04F79EFBC}") = "Arrays", "Arrays\Arrays.csproj", "{212F76C0-9E03-4D6C-97AA-8A2F44BC6A96}"
EndProject
Global
	GlobalSection(SolutionConfigurationPlatforms) = preSolution
		Debug|Any CPU = Debug|Any CPU
		Release|Any CPU = Release|Any CPU
	EndGlobalSection
	GlobalSection(ProjectConfigurationPlatforms) = postSolution
		{212F76C0-9E03-4D6C-97AA-8A2F44BC6A96}.Debug|Any CPU.ActiveCfg = Debug|Any CPU
		{212F76C0-9E03-4D6C-97AA-8A2F44BC6A96}.Debug|Any CPU.Build.0 = Debug|Any CPU
		{212F76C0-9E03-4D6C-97AA-8A2F44BC6A96}.Release|Any CPU.ActiveCfg = Release|Any CPU
		{212F76C0-9E03-4D6C-97AA-8A2F44BC6A96}.Release|Any CPU.Build.0 = Release|Any CPU
	EndGlobalSection
	GlobalSection(SolutionProperties) = preSolution
		HideSolutionNode = FALSE
	EndGlobalSection
	GlobalSection(ExtensibilityGlobals) = postSolution
		SolutionGuid = {602ECF10-5668-4064-8AA2-87F2AD55F6AD}
	EndGlobalSection
EndGlobal
