
Microsoft Visual Studio Solution File, Format Version 12.00
# Visual Studio Version 17
VisualStudioVersion = 17.2.32519.379
MinimumVisualStudioVersion = 10.0.40219.1
Project("{FAE04EC0-301F-11D3-BF4B-00C04F79EFBC}") = "Arrays", "Arrays\Arrays.csproj", "{E8634B1D-4EE8-4549-9A0C-A620711C2742}"
EndProject
Global
	GlobalSection(SolutionConfigurationPlatforms) = preSolution
		Debug|Any CPU = Debug|Any CPU
		Release|Any CPU = Release|Any CPU
	EndGlobalSection
	GlobalSection(ProjectConfigurationPlatforms) = postSolution
		{E8634B1D-4EE8-4549-9A0C-A620711C2742}.Debug|Any CPU.ActiveCfg = Debug|Any CPU
		{E8634B1D-4EE8-4549-9A0C-A620711C2742}.Debug|Any CPU.Build.0 = Debug|Any CPU
		{E8634B1D-4EE8-4549-9A0C-A620711C2742}.Release|Any CPU.ActiveCfg = Release|Any CPU
		{E8634B1D-4EE8-4549-9A0C-A620711C2742}.Release|Any CPU.Build.0 = Release|Any CPU
	EndGlobalSection
	GlobalSection(SolutionProperties) = preSolution
		HideSolutionNode = FALSE
	EndGlobalSection
	GlobalSection(ExtensibilityGlobals) = postSolution
		SolutionGuid = {952E54B6-E214-49A9-AA5A-8DA65FAA3A5D}
	EndGlobalSection
EndGlobal
